
Microsoft Visual Studio Solution File, Format Version 12.00
# Visual Studio Version 17
VisualStudioVersion = 17.6.33829.357
MinimumVisualStudioVersion = 10.0.40219.1
Project("{FAE04EC0-301F-11D3-BF4B-00C04F79EFBC}") = "SpaceWise", "SpaceWise\SpaceWise.csproj", "{EE2E0FED-7FEE-4938-8755-71C58403B585}"
EndProject
Global
	GlobalSection(SolutionConfigurationPlatforms) = preSolution
		Debug|Any CPU = Debug|Any CPU
		Release|Any CPU = Release|Any CPU
	EndGlobalSection
	GlobalSection(ProjectConfigurationPlatforms) = postSolution
		{EE2E0FED-7FEE-4938-8755-71C58403B585}.Debug|Any CPU.ActiveCfg = Debug|Any CPU
		{EE2E0FED-7FEE-4938-8755-71C58403B585}.Debug|Any CPU.Build.0 = Debug|Any CPU
		{EE2E0FED-7FEE-4938-8755-71C58403B585}.Release|Any CPU.ActiveCfg = Release|Any CPU
		{EE2E0FED-7FEE-4938-8755-71C58403B585}.Release|Any CPU.Build.0 = Release|Any CPU
	EndGlobalSection
	GlobalSection(SolutionProperties) = preSolution
		HideSolutionNode = FALSE
	EndGlobalSection
	GlobalSection(ExtensibilityGlobals) = postSolution
		SolutionGuid = {6C67F95D-0B40-4558-9227-43045796559B}
	EndGlobalSection
EndGlobal
